
Microsoft Visual Studio Solution File, Format Version 12.00
# Visual Studio Version 16
VisualStudioVersion = 16.0.29411.108
MinimumVisualStudioVersion = 10.0.40219.1
Project("{FAE04EC0-301F-11D3-BF4B-00C04F79EFBC}") = "ScreenScraper", "ScreenScraper.csproj", "{923AF085-B7C5-4B11-A86A-E4B37812974D}"
EndProject
Global
	GlobalSection(SolutionConfigurationPlatforms) = preSolution
		Debug|Any CPU = Debug|Any CPU
		Release|Any CPU = Release|Any CPU
	EndGlobalSection
	GlobalSection(ProjectConfigurationPlatforms) = postSolution
		{923AF085-B7C5-4B11-A86A-E4B37812974D}.Debug|Any CPU.ActiveCfg = Debug|Any CPU
		{923AF085-B7C5-4B11-A86A-E4B37812974D}.Debug|Any CPU.Build.0 = Debug|Any CPU
		{923AF085-B7C5-4B11-A86A-E4B37812974D}.Release|Any CPU.ActiveCfg = Release|Any CPU
		{923AF085-B7C5-4B11-A86A-E4B37812974D}.Release|Any CPU.Build.0 = Release|Any CPU
	EndGlobalSection
	GlobalSection(SolutionProperties) = preSolution
		HideSolutionNode = FALSE
	EndGlobalSection
	GlobalSection(ExtensibilityGlobals) = postSolution
		SolutionGuid = {852714E4-A8D9-41A2-8D06-307DCA505E9A}
	EndGlobalSection
EndGlobal
